// !$*UTF8*$!
{
	archiveVersion = 1;
	classes = {
	};
	objectVersion = 55;
	objects = {

/* Begin PBXBuildFile section */
		2D3AFFA92732BAFD00EEABD8 /* AppDelegate.swift in Sources */ = {isa = PBXBuildFile; fileRef = 2D3AFFA82732BAFD00EEABD8 /* AppDelegate.swift */; };
		2D3AFFAB2732BAFD00EEABD8 /* SceneDelegate.swift in Sources */ = {isa = PBXBuildFile; fileRef = 2D3AFFAA2732BAFD00EEABD8 /* SceneDelegate.swift */; };
		2D3AFFAD2732BAFD00EEABD8 /* ViewController.swift in Sources */ = {isa = PBXBuildFile; fileRef = 2D3AFFAC2732BAFD00EEABD8 /* ViewController.swift */; };
		2D3AFFB02732BAFD00EEABD8 /* Main.storyboard in Resources */ = {isa = PBXBuildFile; fileRef = 2D3AFFAE2732BAFD00EEABD8 /* Main.storyboard */; };
		2D3AFFB22732BB0000EEABD8 /* Assets.xcassets in Resources */ = {isa = PBXBuildFile; fileRef = 2D3AFFB12732BB0000EEABD8 /* Assets.xcassets */; };
		2D3AFFB52732BB0000EEABD8 /* LaunchScreen.storyboard in Resources */ = {isa = PBXBuildFile; fileRef = 2D3AFFB32732BB0000EEABD8 /* LaunchScreen.storyboard */; };
		2D3AFFC02732BB0100EEABD8 /* CryptoTests.swift in Sources */ = {isa = PBXBuildFile; fileRef = 2D3AFFBF2732BB0100EEABD8 /* CryptoTests.swift */; };
		2D3AFFCA2732BB0100EEABD8 /* CryptoUITests.swift in Sources */ = {isa = PBXBuildFile; fileRef = 2D3AFFC92732BB0100EEABD8 /* CryptoUITests.swift */; };
		2D3AFFCC2732BB0100EEABD8 /* CryptoUITestsLaunchTests.swift in Sources */ = {isa = PBXBuildFile; fileRef = 2D3AFFCB2732BB0100EEABD8 /* CryptoUITestsLaunchTests.swift */; };
		2D3AFFD92732BD8A00EEABD8 /* CryptoTableViewCell.swift in Sources */ = {isa = PBXBuildFile; fileRef = 2D3AFFD82732BD8A00EEABD8 /* CryptoTableViewCell.swift */; };
		2D3AFFDF2732C21100EEABD8 /* CryptoCurrency.swift in Sources */ = {isa = PBXBuildFile; fileRef = 2D3AFFDE2732C21100EEABD8 /* CryptoCurrency.swift */; };
		2D3AFFE12732C31200EEABD8 /* WebService.swift in Sources */ = {isa = PBXBuildFile; fileRef = 2D3AFFE02732C31200EEABD8 /* WebService.swift */; };
		2D3AFFE32732D73000EEABD8 /* CryptoViewModel.swift in Sources */ = {isa = PBXBuildFile; fileRef = 2D3AFFE22732D73000EEABD8 /* CryptoViewModel.swift */; };
/* End PBXBuildFile section */

/* Begin PBXContainerItemProxy section */
		2D3AFFBC2732BB0100EEABD8 /* PBXContainerItemProxy */ = {
			isa = PBXContainerItemProxy;
			containerPortal = 2D3AFF9D2732BAFD00EEABD8 /* Project object */;
			proxyType = 1;
			remoteGlobalIDString = 2D3AFFA42732BAFD00EEABD8;
			remoteInfo = Crypto;
		};
		2D3AFFC62732BB0100EEABD8 /* PBXContainerItemProxy */ = {
			isa = PBXContainerItemProxy;
			containerPortal = 2D3AFF9D2732BAFD00EEABD8 /* Project object */;
			proxyType = 1;
			remoteGlobalIDString = 2D3AFFA42732BAFD00EEABD8;
			remoteInfo = Crypto;
		};
/* End PBXContainerItemProxy section */

/* Begin PBXFileReference section */
		2D3AFFA52732BAFD00EEABD8 /* Crypto.app */ = {isa = PBXFileReference; explicitFileType = wrapper.application; includeInIndex = 0; path = Crypto.app; sourceTree = BUILT_PRODUCTS_DIR; };
		2D3AFFA82732BAFD00EEABD8 /* AppDelegate.swift */ = {isa = PBXFileReference; lastKnownFileType = sourcecode.swift; path = AppDelegate.swift; sourceTree = "<group>"; };
		2D3AFFAA2732BAFD00EEABD8 /* SceneDelegate.swift */ = {isa = PBXFileReference; lastKnownFileType = sourcecode.swift; path = SceneDelegate.swift; sourceTree = "<group>"; };
		2D3AFFAC2732BAFD00EEABD8 /* ViewController.swift */ = {isa = PBXFileReference; lastKnownFileType = sourcecode.swift; path = ViewController.swift; sourceTree = "<group>"; };
		2D3AFFAF2732BAFD00EEABD8 /* Base */ = {isa = PBXFileReference; lastKnownFileType = file.storyboard; name = Base; path = Base.lproj/Main.storyboard; sourceTree = "<group>"; };
		2D3AFFB12732BB0000EEABD8 /* Assets.xcassets */ = {isa = PBXFileReference; lastKnownFileType = folder.assetcatalog; path = Assets.xcassets; sourceTree = "<group>"; };
		2D3AFFB42732BB0000EEABD8 /* Base */ = {isa = PBXFileReference; lastKnownFileType = file.storyboard; name = Base; path = Base.lproj/LaunchScreen.storyboard; sourceTree = "<group>"; };
		2D3AFFB62732BB0000EEABD8 /* Info.plist */ = {isa = PBXFileReference; lastKnownFileType = text.plist.xml; path = Info.plist; sourceTree = "<group>"; };
		2D3AFFBB2732BB0100EEABD8 /* CryptoTests.xctest */ = {isa = PBXFileReference; explicitFileType = wrapper.cfbundle; includeInIndex = 0; path = CryptoTests.xctest; sourceTree = BUILT_PRODUCTS_DIR; };
		2D3AFFBF2732BB0100EEABD8 /* CryptoTests.swift */ = {isa = PBXFileReference; lastKnownFileType = sourcecode.swift; path = CryptoTests.swift; sourceTree = "<group>"; };
		2D3AFFC52732BB0100EEABD8 /* CryptoUITests.xctest */ = {isa = PBXFileReference; explicitFileType = wrapper.cfbundle; includeInIndex = 0; path = CryptoUITests.xctest; sourceTree = BUILT_PRODUCTS_DIR; };
		2D3AFFC92732BB0100EEABD8 /* CryptoUITests.swift */ = {isa = PBXFileReference; lastKnownFileType = sourcecode.swift; path = CryptoUITests.swift; sourceTree = "<group>"; };
		2D3AFFCB2732BB0100EEABD8 /* CryptoUITestsLaunchTests.swift */ = {isa = PBXFileReference; lastKnownFileType = sourcecode.swift; path = CryptoUITestsLaunchTests.swift; sourceTree = "<group>"; };
		2D3AFFD82732BD8A00EEABD8 /* CryptoTableViewCell.swift */ = {isa = PBXFileReference; lastKnownFileType = sourcecode.swift; path = CryptoTableViewCell.swift; sourceTree = "<group>"; };
		2D3AFFDE2732C21100EEABD8 /* CryptoCurrency.swift */ = {isa = PBXFileReference; lastKnownFileType = sourcecode.swift; path = CryptoCurrency.swift; sourceTree = "<group>"; };
		2D3AFFE02732C31200EEABD8 /* WebService.swift */ = {isa = PBXFileReference; lastKnownFileType = sourcecode.swift; path = WebService.swift; sourceTree = "<group>"; };
		2D3AFFE22732D73000EEABD8 /* CryptoViewModel.swift */ = {isa = PBXFileReference; lastKnownFileType = sourcecode.swift; path = CryptoViewModel.swift; sourceTree = "<group>"; };
/* End PBXFileReference section */

/* Begin PBXFrameworksBuildPhase section */
		2D3AFFA22732BAFD00EEABD8 /* Frameworks */ = {
			isa = PBXFrameworksBuildPhase;
			buildActionMask = 2147483647;
			files = (
			);
			runOnlyForDeploymentPostprocessing = 0;
		};
		2D3AFFB82732BB0100EEABD8 /* Frameworks */ = {
			isa = PBXFrameworksBuildPhase;
			buildActionMask = 2147483647;
			files = (
			);
			runOnlyForDeploymentPostprocessing = 0;
		};
		2D3AFFC22732BB0100EEABD8 /* Frameworks */ = {
			isa = PBXFrameworksBuildPhase;
			buildActionMask = 2147483647;
			files = (
			);
			runOnlyForDeploymentPostprocessing = 0;
		};
/* End PBXFrameworksBuildPhase section */

/* Begin PBXGroup section */
		2D3AFF9C2732BAFD00EEABD8 = {
			isa = PBXGroup;
			children = (
				2D3AFFA72732BAFD00EEABD8 /* Crypto */,
				2D3AFFBE2732BB0100EEABD8 /* CryptoTests */,
				2D3AFFC82732BB0100EEABD8 /* CryptoUITests */,
				2D3AFFA62732BAFD00EEABD8 /* Products */,
			);
			sourceTree = "<group>";
		};
		2D3AFFA62732BAFD00EEABD8 /* Products */ = {
			isa = PBXGroup;
			children = (
				2D3AFFA52732BAFD00EEABD8 /* Crypto.app */,
				2D3AFFBB2732BB0100EEABD8 /* CryptoTests.xctest */,
				2D3AFFC52732BB0100EEABD8 /* CryptoUITests.xctest */,
			);
			name = Products;
			sourceTree = "<group>";
		};
		2D3AFFA72732BAFD00EEABD8 /* Crypto */ = {
			isa = PBXGroup;
			children = (
				2D3AFFDD2732C1C500EEABD8 /* Service */,
				2D3AFFDC2732C1B300EEABD8 /* ViewModel */,
				2D3AFFDB2732C1AC00EEABD8 /* Model */,
				2D3AFFDA2732C1A100EEABD8 /* View */,
				2D3AFFA82732BAFD00EEABD8 /* AppDelegate.swift */,
				2D3AFFAA2732BAFD00EEABD8 /* SceneDelegate.swift */,
				2D3AFFAC2732BAFD00EEABD8 /* ViewController.swift */,
				2D3AFFD82732BD8A00EEABD8 /* CryptoTableViewCell.swift */,
				2D3AFFAE2732BAFD00EEABD8 /* Main.storyboard */,
				2D3AFFB12732BB0000EEABD8 /* Assets.xcassets */,
				2D3AFFB32732BB0000EEABD8 /* LaunchScreen.storyboard */,
				2D3AFFB62732BB0000EEABD8 /* Info.plist */,
			);
			path = Crypto;
			sourceTree = "<group>";
		};
		2D3AFFBE2732BB0100EEABD8 /* CryptoTests */ = {
			isa = PBXGroup;
			children = (
				2D3AFFBF2732BB0100EEABD8 /* CryptoTests.swift */,
			);
			path = CryptoTests;
			sourceTree = "<group>";
		};
		2D3AFFC82732BB0100EEABD8 /* CryptoUITests */ = {
			isa = PBXGroup;
			children = (
				2D3AFFC92732BB0100EEABD8 /* CryptoUITests.swift */,
				2D3AFFCB2732BB0100EEABD8 /* CryptoUITestsLaunchTests.swift */,
			);
			path = CryptoUITests;
			sourceTree = "<group>";
		};
		2D3AFFDA2732C1A100EEABD8 /* View */ = {
			isa = PBXGroup;
			children = (
			);
			path = View;
			sourceTree = "<group>";
		};
		2D3AFFDB2732C1AC00EEABD8 /* Model */ = {
			isa = PBXGroup;
			children = (
				2D3AFFDE2732C21100EEABD8 /* CryptoCurrency.swift */,
			);
			path = Model;
			sourceTree = "<group>";
		};
		2D3AFFDC2732C1B300EEABD8 /* ViewModel */ = {
			isa = PBXGroup;
			children = (
				2D3AFFE22732D73000EEABD8 /* CryptoViewModel.swift */,
			);
			path = ViewModel;
			sourceTree = "<group>";
		};
		2D3AFFDD2732C1C500EEABD8 /* Service */ = {
			isa = PBXGroup;
			children = (
				2D3AFFE02732C31200EEABD8 /* WebService.swift */,
			);
			path = Service;
			sourceTree = "<group>";
		};
/* End PBXGroup section */

/* Begin PBXNativeTarget section */
		2D3AFFA42732BAFD00EEABD8 /* Crypto */ = {
			isa = PBXNativeTarget;
			buildConfigurationList = 2D3AFFCF2732BB0100EEABD8 /* Build configuration list for PBXNativeTarget "Crypto" */;
			buildPhases = (
				2D3AFFA12732BAFD00EEABD8 /* Sources */,
				2D3AFFA22732BAFD00EEABD8 /* Frameworks */,
				2D3AFFA32732BAFD00EEABD8 /* Resources */,
			);
			buildRules = (
			);
			dependencies = (
			);
			name = Crypto;
			productName = Crypto;
			productReference = 2D3AFFA52732BAFD00EEABD8 /* Crypto.app */;
			productType = "com.apple.product-type.application";
		};
		2D3AFFBA2732BB0100EEABD8 /* CryptoTests */ = {
			isa = PBXNativeTarget;
			buildConfigurationList = 2D3AFFD22732BB0100EEABD8 /* Build configuration list for PBXNativeTarget "CryptoTests" */;
			buildPhases = (
				2D3AFFB72732BB0100EEABD8 /* Sources */,
				2D3AFFB82732BB0100EEABD8 /* Frameworks */,
				2D3AFFB92732BB0100EEABD8 /* Resources */,
			);
			buildRules = (
			);
			dependencies = (
				2D3AFFBD2732BB0100EEABD8 /* PBXTargetDependency */,
			);
			name = CryptoTests;
			productName = CryptoTests;
			productReference = 2D3AFFBB2732BB0100EEABD8 /* CryptoTests.xctest */;
			productType = "com.apple.product-type.bundle.unit-test";
		};
		2D3AFFC42732BB0100EEABD8 /* CryptoUITests */ = {
			isa = PBXNativeTarget;
			buildConfigurationList = 2D3AFFD52732BB0100EEABD8 /* Build configuration list for PBXNativeTarget "CryptoUITests" */;
			buildPhases = (
				2D3AFFC12732BB0100EEABD8 /* Sources */,
				2D3AFFC22732BB0100EEABD8 /* Frameworks */,
				2D3AFFC32732BB0100EEABD8 /* Resources */,
			);
			buildRules = (
			);
			dependencies = (
				2D3AFFC72732BB0100EEABD8 /* PBXTargetDependency */,
			);
			name = CryptoUITests;
			productName = CryptoUITests;
			productReference = 2D3AFFC52732BB0100EEABD8 /* CryptoUITests.xctest */;
			productType = "com.apple.product-type.bundle.ui-testing";
		};
/* End PBXNativeTarget section */

/* Begin PBXProject section */
		2D3AFF9D2732BAFD00EEABD8 /* Project object */ = {
			isa = PBXProject;
			attributes = {
				BuildIndependentTargetsInParallel = 1;
				LastSwiftUpdateCheck = 1310;
				LastUpgradeCheck = 1310;
				TargetAttributes = {
					2D3AFFA42732BAFD00EEABD8 = {
						CreatedOnToolsVersion = 13.1;
					};
					2D3AFFBA2732BB0100EEABD8 = {
						CreatedOnToolsVersion = 13.1;
						TestTargetID = 2D3AFFA42732BAFD00EEABD8;
					};
					2D3AFFC42732BB0100EEABD8 = {
						CreatedOnToolsVersion = 13.1;
						TestTargetID = 2D3AFFA42732BAFD00EEABD8;
					};
				};
			};
			buildConfigurationList = 2D3AFFA02732BAFD00EEABD8 /* Build configuration list for PBXProject "Crypto" */;
			compatibilityVersion = "Xcode 13.0";
			developmentRegion = en;
			hasScannedForEncodings = 0;
			knownRegions = (
				en,
				Base,
			);
			mainGroup = 2D3AFF9C2732BAFD00EEABD8;
			productRefGroup = 2D3AFFA62732BAFD00EEABD8 /* Products */;
			projectDirPath = "";
			projectRoot = "";
			targets = (
				2D3AFFA42732BAFD00EEABD8 /* Crypto */,
				2D3AFFBA2732BB0100EEABD8 /* CryptoTests */,
				2D3AFFC42732BB0100EEABD8 /* CryptoUITests */,
			);
		};
/* End PBXProject section */

/* Begin PBXResourcesBuildPhase section */
		2D3AFFA32732BAFD00EEABD8 /* Resources */ = {
			isa = PBXResourcesBuildPhase;
			buildActionMask = 2147483647;
			files = (
				2D3AFFB52732BB0000EEABD8 /* LaunchScreen.storyboard in Resources */,
				2D3AFFB22732BB0000EEABD8 /* Assets.xcassets in Resources */,
				2D3AFFB02732BAFD00EEABD8 /* Main.storyboard in Resources */,
			);
			runOnlyForDeploymentPostprocessing = 0;
		};
		2D3AFFB92732BB0100EEABD8 /* Resources */ = {
			isa = PBXResourcesBuildPhase;
			buildActionMask = 2147483647;
			files = (
			);
			runOnlyForDeploymentPostprocessing = 0;
		};
		2D3AFFC32732BB0100EEABD8 /* Resources */ = {
			isa = PBXResourcesBuildPhase;
			buildActionMask = 2147483647;
			files = (
			);
			runOnlyForDeploymentPostprocessing = 0;
		};
/* End PBXResourcesBuildPhase section */

/* Begin PBXSourcesBuildPhase section */
		2D3AFFA12732BAFD00EEABD8 /* Sources */ = {
			isa = PBXSourcesBuildPhase;
			buildActionMask = 2147483647;
			files = (
				2D3AFFE12732C31200EEABD8 /* WebService.swift in Sources */,
				2D3AFFD92732BD8A00EEABD8 /* CryptoTableViewCell.swift in Sources */,
				2D3AFFAD2732BAFD00EEABD8 /* ViewController.swift in Sources */,
				2D3AFFE32732D73000EEABD8 /* CryptoViewModel.swift in Sources */,
				2D3AFFA92732BAFD00EEABD8 /* AppDelegate.swift in Sources */,
				2D3AFFDF2732C21100EEABD8 /* CryptoCurrency.swift in Sources */,
				2D3AFFAB2732BAFD00EEABD8 /* SceneDelegate.swift in Sources */,
			);
			runOnlyForDeploymentPostprocessing = 0;
		};
		2D3AFFB72732BB0100EEABD8 /* Sources */ = {
			isa = PBXSourcesBuildPhase;
			buildActionMask = 2147483647;
			files = (
				2D3AFFC02732BB0100EEABD8 /* CryptoTests.swift in Sources */,
			);
			runOnlyForDeploymentPostprocessing = 0;
		};
		2D3AFFC12732BB0100EEABD8 /* Sources */ = {
			isa = PBXSourcesBuildPhase;
			buildActionMask = 2147483647;
			files = (
				2D3AFFCA2732BB0100EEABD8 /* CryptoUITests.swift in Sources */,
				2D3AFFCC2732BB0100EEABD8 /* CryptoUITestsLaunchTests.swift in Sources */,
			);
			runOnlyForDeploymentPostprocessing = 0;
		};
/* End PBXSourcesBuildPhase section */

/* Begin PBXTargetDependency section */
		2D3AFFBD2732BB0100EEABD8 /* PBXTargetDependency */ = {
			isa = PBXTargetDependency;
			target = 2D3AFFA42732BAFD00EEABD8 /* Crypto */;
			targetProxy = 2D3AFFBC2732BB0100EEABD8 /* PBXContainerItemProxy */;
		};
		2D3AFFC72732BB0100EEABD8 /* PBXTargetDependency */ = {
			isa = PBXTargetDependency;
			target = 2D3AFFA42732BAFD00EEABD8 /* Crypto */;
			targetProxy = 2D3AFFC62732BB0100EEABD8 /* PBXContainerItemProxy */;
		};
/* End PBXTargetDependency section */

/* Begin PBXVariantGroup section */
		2D3AFFAE2732BAFD00EEABD8 /* Main.storyboard */ = {
			isa = PBXVariantGroup;
			children = (
				2D3AFFAF2732BAFD00EEABD8 /* Base */,
			);
			name = Main.storyboard;
			sourceTree = "<group>";
		};
		2D3AFFB32732BB0000EEABD8 /* LaunchScreen.storyboard */ = {
			isa = PBXVariantGroup;
			children = (
				2D3AFFB42732BB0000EEABD8 /* Base */,
			);
			name = LaunchScreen.storyboard;
			sourceTree = "<group>";
		};
/* End PBXVariantGroup section */

/* Begin XCBuildConfiguration section */
		2D3AFFCD2732BB0100EEABD8 /* Debug */ = {
			isa = XCBuildConfiguration;
			buildSettings = {
				ALWAYS_SEARCH_USER_PATHS = NO;
				CLANG_ANALYZER_NONNULL = YES;
				CLANG_ANALYZER_NUMBER_OBJECT_CONVERSION = YES_AGGRESSIVE;
				CLANG_CXX_LANGUAGE_STANDARD = "gnu++17";
				CLANG_CXX_LIBRARY = "libc++";
				CLANG_ENABLE_MODULES = YES;
				CLANG_ENABLE_OBJC_ARC = YES;
				CLANG_ENABLE_OBJC_WEAK = YES;
				CLANG_WARN_BLOCK_CAPTURE_AUTORELEASING = YES;
				CLANG_WARN_BOOL_CONVERSION = YES;
				CLANG_WARN_COMMA = YES;
				CLANG_WARN_CONSTANT_CONVERSION = YES;
				CLANG_WARN_DEPRECATED_OBJC_IMPLEMENTATIONS = YES;
				CLANG_WARN_DIRECT_OBJC_ISA_USAGE = YES_ERROR;
				CLANG_WARN_DOCUMENTATION_COMMENTS = YES;
				CLANG_WARN_EMPTY_BODY = YES;
				CLANG_WARN_ENUM_CONVERSION = YES;
				CLANG_WARN_INFINITE_RECURSION = YES;
				CLANG_WARN_INT_CONVERSION = YES;
				CLANG_WARN_NON_LITERAL_NULL_CONVERSION = YES;
				CLANG_WARN_OBJC_IMPLICIT_RETAIN_SELF = YES;
				CLANG_WARN_OBJC_LITERAL_CONVERSION = YES;
				CLANG_WARN_OBJC_ROOT_CLASS = YES_ERROR;
				CLANG_WARN_QUOTED_INCLUDE_IN_FRAMEWORK_HEADER = YES;
				CLANG_WARN_RANGE_LOOP_ANALYSIS = YES;
				CLANG_WARN_STRICT_PROTOTYPES = YES;
				CLANG_WARN_SUSPICIOUS_MOVE = YES;
				CLANG_WARN_UNGUARDED_AVAILABILITY = YES_AGGRESSIVE;
				CLANG_WARN_UNREACHABLE_CODE = YES;
				CLANG_WARN__DUPLICATE_METHOD_MATCH = YES;
				COPY_PHASE_STRIP = NO;
				DEBUG_INFORMATION_FORMAT = dwarf;
				ENABLE_STRICT_OBJC_MSGSEND = YES;
				ENABLE_TESTABILITY = YES;
				GCC_C_LANGUAGE_STANDARD = gnu11;
				GCC_DYNAMIC_NO_PIC = NO;
				GCC_NO_COMMON_BLOCKS = YES;
				GCC_OPTIMIZATION_LEVEL = 0;
				GCC_PREPROCESSOR_DEFINITIONS = (
					"DEBUG=1",
					"$(inherited)",
				);
				GCC_WARN_64_TO_32_BIT_CONVERSION = YES;
				GCC_WARN_ABOUT_RETURN_TYPE = YES_ERROR;
				GCC_WARN_UNDECLARED_SELECTOR = YES;
				GCC_WARN_UNINITIALIZED_AUTOS = YES_AGGRESSIVE;
				GCC_WARN_UNUSED_FUNCTION = YES;
				GCC_WARN_UNUSED_VARIABLE = YES;
				IPHONEOS_DEPLOYMENT_TARGET = 15.0;
				MTL_ENABLE_DEBUG_INFO = INCLUDE_SOURCE;
				MTL_FAST_MATH = YES;
				ONLY_ACTIVE_ARCH = YES;
				SDKROOT = iphoneos;
				SWIFT_ACTIVE_COMPILATION_CONDITIONS = DEBUG;
				SWIFT_OPTIMIZATION_LEVEL = "-Onone";
			};
			name = Debug;
		};
		2D3AFFCE2732BB0100EEABD8 /* Release */ = {
			isa = XCBuildConfiguration;
			buildSettings = {
				ALWAYS_SEARCH_USER_PATHS = NO;
				CLANG_ANALYZER_NONNULL = YES;
				CLANG_ANALYZER_NUMBER_OBJECT_CONVERSION = YES_AGGRESSIVE;
				CLANG_CXX_LANGUAGE_STANDARD = "gnu++17";
				CLANG_CXX_LIBRARY = "libc++";
				CLANG_ENABLE_MODULES = YES;
				CLANG_ENABLE_OBJC_ARC = YES;
				CLANG_ENABLE_OBJC_WEAK = YES;
				CLANG_WARN_BLOCK_CAPTURE_AUTORELEASING = YES;
				CLANG_WARN_BOOL_CONVERSION = YES;
				CLANG_WARN_COMMA = YES;
				CLANG_WARN_CONSTANT_CONVERSION = YES;
				CLANG_WARN_DEPRECATED_OBJC_IMPLEMENTATIONS = YES;
				CLANG_WARN_DIRECT_OBJC_ISA_USAGE = YES_ERROR;
				CLANG_WARN_DOCUMENTATION_COMMENTS = YES;
				CLANG_WARN_EMPTY_BODY = YES;
				CLANG_WARN_ENUM_CONVERSION = YES;
				CLANG_WARN_INFINITE_RECURSION = YES;
				CLANG_WARN_INT_CONVERSION = YES;
				CLANG_WARN_NON_LITERAL_NULL_CONVERSION = YES;
				CLANG_WARN_OBJC_IMPLICIT_RETAIN_SELF = YES;
				CLANG_WARN_OBJC_LITERAL_CONVERSION = YES;
				CLANG_WARN_OBJC_ROOT_CLASS = YES_ERROR;
				CLANG_WARN_QUOTED_INCLUDE_IN_FRAMEWORK_HEADER = YES;
				CLANG_WARN_RANGE_LOOP_ANALYSIS = YES;
				CLANG_WARN_STRICT_PROTOTYPES = YES;
				CLANG_WARN_SUSPICIOUS_MOVE = YES;
				CLANG_WARN_UNGUARDED_AVAILABILITY = YES_AGGRESSIVE;
				CLANG_WARN_UNREACHABLE_CODE = YES;
				CLANG_WARN__DUPLICATE_METHOD_MATCH = YES;
				COPY_PHASE_STRIP = NO;
				DEBUG_INFORMATION_FORMAT = "dwarf-with-dsym";
				ENABLE_NS_ASSERTIONS = NO;
				ENABLE_STRICT_OBJC_MSGSEND = YES;
				GCC_C_LANGUAGE_STANDARD = gnu11;
				GCC_NO_COMMON_BLOCKS = YES;
				GCC_WARN_64_TO_32_BIT_CONVERSION = YES;
				GCC_WARN_ABOUT_RETURN_TYPE = YES_ERROR;
				GCC_WARN_UNDECLARED_SELECTOR = YES;
				GCC_WARN_UNINITIALIZED_AUTOS = YES_AGGRESSIVE;
				GCC_WARN_UNUSED_FUNCTION = YES;
				GCC_WARN_UNUSED_VARIABLE = YES;
				IPHONEOS_DEPLOYMENT_TARGET = 15.0;
				MTL_ENABLE_DEBUG_INFO = NO;
				MTL_FAST_MATH = YES;
				SDKROOT = iphoneos;
				SWIFT_COMPILATION_MODE = wholemodule;
				SWIFT_OPTIMIZATION_LEVEL = "-O";
				VALIDATE_PRODUCT = YES;
			};
			name = Release;
		};
		2D3AFFD02732BB0100EEABD8 /* Debug */ = {
			isa = XCBuildConfiguration;
			buildSettings = {
				ASSETCATALOG_COMPILER_APPICON_NAME = AppIcon;
				ASSETCATALOG_COMPILER_GLOBAL_ACCENT_COLOR_NAME = AccentColor;
				CODE_SIGN_STYLE = Automatic;
				CURRENT_PROJECT_VERSION = 1;
				DEVELOPMENT_TEAM = LNJ7YSV327;
				GENERATE_INFOPLIST_FILE = YES;
				INFOPLIST_FILE = Crypto/Info.plist;
				INFOPLIST_KEY_UIApplicationSupportsIndirectInputEvents = YES;
				INFOPLIST_KEY_UILaunchStoryboardName = LaunchScreen;
				INFOPLIST_KEY_UIMainStoryboardFile = Main;
				INFOPLIST_KEY_UISupportedInterfaceOrientations_iPad = "UIInterfaceOrientationPortrait UIInterfaceOrientationPortraitUpsideDown UIInterfaceOrientationLandscapeLeft UIInterfaceOrientationLandscapeRight";
				INFOPLIST_KEY_UISupportedInterfaceOrientations_iPhone = "UIInterfaceOrientationPortrait UIInterfaceOrientationLandscapeLeft UIInterfaceOrientationLandscapeRight";
				LD_RUNPATH_SEARCH_PATHS = (
					"$(inherited)",
					"@executable_path/Frameworks",
				);
				MARKETING_VERSION = 1.0;
				PRODUCT_BUNDLE_IDENTIFIER = CagatayOlmez.Crypto;
				PRODUCT_NAME = "$(TARGET_NAME)";
				SWIFT_EMIT_LOC_STRINGS = YES;
				SWIFT_VERSION = 5.0;
				TARGETED_DEVICE_FAMILY = "1,2";
			};
			name = Debug;
		};
		2D3AFFD12732BB0100EEABD8 /* Release */ = {
			isa = XCBuildConfiguration;
			buildSettings = {
				ASSETCATALOG_COMPILER_APPICON_NAME = AppIcon;
				ASSETCATALOG_COMPILER_GLOBAL_ACCENT_COLOR_NAME = AccentColor;
				CODE_SIGN_STYLE = Automatic;
				CURRENT_PROJECT_VERSION = 1;
				DEVELOPMENT_TEAM = LNJ7YSV327;
				GENERATE_INFOPLIST_FILE = YES;
				INFOPLIST_FILE = Crypto/Info.plist;
				INFOPLIST_KEY_UIApplicationSupportsIndirectInputEvents = YES;
				INFOPLIST_KEY_UILaunchStoryboardName = LaunchScreen;
				INFOPLIST_KEY_UIMainStoryboardFile = Main;
				INFOPLIST_KEY_UISupportedInterfaceOrientations_iPad = "UIInterfaceOrientationPortrait UIInterfaceOrientationPortraitUpsideDown UIInterfaceOrientationLandscapeLeft UIInterfaceOrientationLandscapeRight";
				INFOPLIST_KEY_UISupportedInterfaceOrientations_iPhone = "UIInterfaceOrientationPortrait UIInterfaceOrientationLandscapeLeft UIInterfaceOrientationLandscapeRight";
				LD_RUNPATH_SEARCH_PATHS = (
					"$(inherited)",
					"@executable_path/Frameworks",
				);
				MARKETING_VERSION = 1.0;
				PRODUCT_BUNDLE_IDENTIFIER = CagatayOlmez.Crypto;
				PRODUCT_NAME = "$(TARGET_NAME)";
				SWIFT_EMIT_LOC_STRINGS = YES;
				SWIFT_VERSION = 5.0;
				TARGETED_DEVICE_FAMILY = "1,2";
			};
			name = Release;
		};
		2D3AFFD32732BB0100EEABD8 /* Debug */ = {
			isa = XCBuildConfiguration;
			buildSettings = {
				ALWAYS_EMBED_SWIFT_STANDARD_LIBRARIES = YES;
				BUNDLE_LOADER = "$(TEST_HOST)";
				CODE_SIGN_STYLE = Automatic;
				CURRENT_PROJECT_VERSION = 1;
				DEVELOPMENT_TEAM = LNJ7YSV327;
				GENERATE_INFOPLIST_FILE = YES;
				IPHONEOS_DEPLOYMENT_TARGET = 15.0;
				LD_RUNPATH_SEARCH_PATHS = (
					"$(inherited)",
					"@executable_path/Frameworks",
					"@loader_path/Frameworks",
				);
				MARKETING_VERSION = 1.0;
				PRODUCT_BUNDLE_IDENTIFIER = CagatayOlmez.CryptoTests;
				PRODUCT_NAME = "$(TARGET_NAME)";
				SWIFT_EMIT_LOC_STRINGS = NO;
				SWIFT_VERSION = 5.0;
				TARGETED_DEVICE_FAMILY = "1,2";
				TEST_HOST = "$(BUILT_PRODUCTS_DIR)/Crypto.app/Crypto";
			};
			name = Debug;
		};
		2D3AFFD42732BB0100EEABD8 /* Release */ = {
			isa = XCBuildConfiguration;
			buildSettings = {
				ALWAYS_EMBED_SWIFT_STANDARD_LIBRARIES = YES;
				BUNDLE_LOADER = "$(TEST_HOST)";
				CODE_SIGN_STYLE = Automatic;
				CURRENT_PROJECT_VERSION = 1;
				DEVELOPMENT_TEAM = LNJ7YSV327;
				GENERATE_INFOPLIST_FILE = YES;
				IPHONEOS_DEPLOYMENT_TARGET = 15.0;
				LD_RUNPATH_SEARCH_PATHS = (
					"$(inherited)",
					"@executable_path/Frameworks",
					"@loader_path/Frameworks",
				);
				MARKETING_VERSION = 1.0;
				PRODUCT_BUNDLE_IDENTIFIER = CagatayOlmez.CryptoTests;
				PRODUCT_NAME = "$(TARGET_NAME)";
				SWIFT_EMIT_LOC_STRINGS = NO;
				SWIFT_VERSION = 5.0;
				TARGETED_DEVICE_FAMILY = "1,2";
				TEST_HOST = "$(BUILT_PRODUCTS_DIR)/Crypto.app/Crypto";
			};
			name = Release;
		};
		2D3AFFD62732BB0100EEABD8 /* Debug */ = {
			isa = XCBuildConfiguration;
			buildSettings = {
				ALWAYS_EMBED_SWIFT_STANDARD_LIBRARIES = YES;
				CODE_SIGN_STYLE = Automatic;
				CURRENT_PROJECT_VERSION = 1;
				DEVELOPMENT_TEAM = LNJ7YSV327;
				GENERATE_INFOPLIST_FILE = YES;
				LD_RUNPATH_SEARCH_PATHS = (
					"$(inherited)",
					"@executable_path/Frameworks",
					"@loader_path/Frameworks",
				);
				MARKETING_VERSION = 1.0;
				PRODUCT_BUNDLE_IDENTIFIER = CagatayOlmez.CryptoUITests;
				PRODUCT_NAME = "$(TARGET_NAME)";
				SWIFT_EMIT_LOC_STRINGS = NO;
				SWIFT_VERSION = 5.0;
				TARGETED_DEVICE_FAMILY = "1,2";
				TEST_TARGET_NAME = Crypto;
			};
			name = Debug;
		};
		2D3AFFD72732BB0100EEABD8 /* Release */ = {
			isa = XCBuildConfiguration;
			buildSettings = {
				ALWAYS_EMBED_SWIFT_STANDARD_LIBRARIES = YES;
				CODE_SIGN_STYLE = Automatic;
				CURRENT_PROJECT_VERSION = 1;
				DEVELOPMENT_TEAM = LNJ7YSV327;
				GENERATE_INFOPLIST_FILE = YES;
				LD_RUNPATH_SEARCH_PATHS = (
					"$(inherited)",
					"@executable_path/Frameworks",
					"@loader_path/Frameworks",
				);
				MARKETING_VERSION = 1.0;
				PRODUCT_BUNDLE_IDENTIFIER = CagatayOlmez.CryptoUITests;
				PRODUCT_NAME = "$(TARGET_NAME)";
				SWIFT_EMIT_LOC_STRINGS = NO;
				SWIFT_VERSION = 5.0;
				TARGETED_DEVICE_FAMILY = "1,2";
				TEST_TARGET_NAME = Crypto;
			};
			name = Release;
		};
/* End XCBuildConfiguration section */

/* Begin XCConfigurationList section */
		2D3AFFA02732BAFD00EEABD8 /* Build configuration list for PBXProject "Crypto" */ = {
			isa = XCConfigurationList;
			buildConfigurations = (
				2D3AFFCD2732BB0100EEABD8 /* Debug */,
				2D3AFFCE2732BB0100EEABD8 /* Release */,
			);
			defaultConfigurationIsVisible = 0;
			defaultConfigurationName = Release;
		};
		2D3AFFCF2732BB0100EEABD8 /* Build configuration list for PBXNativeTarget "Crypto" */ = {
			isa = XCConfigurationList;
			buildConfigurations = (
				2D3AFFD02732BB0100EEABD8 /* Debug */,
				2D3AFFD12732BB0100EEABD8 /* Release */,
			);
			defaultConfigurationIsVisible = 0;
			defaultConfigurationName = Release;
		};
		2D3AFFD22732BB0100EEABD8 /* Build configuration list for PBXNativeTarget "CryptoTests" */ = {
			isa = XCConfigurationList;
			buildConfigurations = (
				2D3AFFD32732BB0100EEABD8 /* Debug */,
				2D3AFFD42732BB0100EEABD8 /* Release */,
			);
			defaultConfigurationIsVisible = 0;
			defaultConfigurationName = Release;
		};
		2D3AFFD52732BB0100EEABD8 /* Build configuration list for PBXNativeTarget "CryptoUITests" */ = {
			isa = XCConfigurationList;
			buildConfigurations = (
				2D3AFFD62732BB0100EEABD8 /* Debug */,
				2D3AFFD72732BB0100EEABD8 /* Release */,
			);
			defaultConfigurationIsVisible = 0;
			defaultConfigurationName = Release;
		};
/* End XCConfigurationList section */
	};
	rootObject = 2D3AFF9D2732BAFD00EEABD8 /* Project object */;
}
